
Microsoft Visual Studio Solution File, Format Version 12.00
# Visual Studio Version 17
VisualStudioVersion = 17.1.32228.430
MinimumVisualStudioVersion = 10.0.40219.1
Project("{9A19103F-16F7-4668-BE54-9A1E7A4F7556}") = "QuickSave.Server", "QuickSave\Server\QuickSave.Server.csproj", "{F6E507B2-EFF3-4B41-968E-A692745A0627}"
EndProject
Project("{9A19103F-16F7-4668-BE54-9A1E7A4F7556}") = "QuickSave.Client", "QuickSave\Client\QuickSave.Client.csproj", "{8959E134-D1C6-4827-B9FC-5C29CE8D2D91}"
EndProject
Project("{9A19103F-16F7-4668-BE54-9A1E7A4F7556}") = "QuickSave.Shared", "QuickSave\Shared\QuickSave.Shared.csproj", "{E881D8D6-FC65-4D47-BDB0-349ED90109FC}"
EndProject
Global
	GlobalSection(SolutionConfigurationPlatforms) = preSolution
		Debug|Any CPU = Debug|Any CPU
		Release|Any CPU = Release|Any CPU
	EndGlobalSection
	GlobalSection(ProjectConfigurationPlatforms) = postSolution
		{F6E507B2-EFF3-4B41-968E-A692745A0627}.Debug|Any CPU.ActiveCfg = Debug|Any CPU
		{F6E507B2-EFF3-4B41-968E-A692745A0627}.Debug|Any CPU.Build.0 = Debug|Any CPU
		{F6E507B2-EFF3-4B41-968E-A692745A0627}.Release|Any CPU.ActiveCfg = Release|Any CPU
		{F6E507B2-EFF3-4B41-968E-A692745A0627}.Release|Any CPU.Build.0 = Release|Any CPU
		{8959E134-D1C6-4827-B9FC-5C29CE8D2D91}.Debug|Any CPU.ActiveCfg = Debug|Any CPU
		{8959E134-D1C6-4827-B9FC-5C29CE8D2D91}.Debug|Any CPU.Build.0 = Debug|Any CPU
		{8959E134-D1C6-4827-B9FC-5C29CE8D2D91}.Release|Any CPU.ActiveCfg = Release|Any CPU
		{8959E134-D1C6-4827-B9FC-5C29CE8D2D91}.Release|Any CPU.Build.0 = Release|Any CPU
		{E881D8D6-FC65-4D47-BDB0-349ED90109FC}.Debug|Any CPU.ActiveCfg = Debug|Any CPU
		{E881D8D6-FC65-4D47-BDB0-349ED90109FC}.Debug|Any CPU.Build.0 = Debug|Any CPU
		{E881D8D6-FC65-4D47-BDB0-349ED90109FC}.Release|Any CPU.ActiveCfg = Release|Any CPU
		{E881D8D6-FC65-4D47-BDB0-349ED90109FC}.Release|Any CPU.Build.0 = Release|Any CPU
	EndGlobalSection
	GlobalSection(SolutionProperties) = preSolution
		HideSolutionNode = FALSE
	EndGlobalSection
	GlobalSection(ExtensibilityGlobals) = postSolution
		SolutionGuid = {5F002CBF-63DA-4BED-B49C-BBDECFBC500C}
	EndGlobalSection
EndGlobal
